
Microsoft Visual Studio Solution File, Format Version 12.00
# Visual Studio Version 17
VisualStudioVersion = 17.7.34024.191
MinimumVisualStudioVersion = 10.0.40219.1
Project("{FAE04EC0-301F-11D3-BF4B-00C04F79EFBC}") = "ProductShop", "ProductShop\ProductShop.csproj", "{FC24018F-5263-47CE-90BA-2E008199E07D}"
EndProject
Global
	GlobalSection(SolutionConfigurationPlatforms) = preSolution
		Debug|Any CPU = Debug|Any CPU
		Release|Any CPU = Release|Any CPU
	EndGlobalSection
	GlobalSection(ProjectConfigurationPlatforms) = postSolution
		{FC24018F-5263-47CE-90BA-2E008199E07D}.Debug|Any CPU.ActiveCfg = Debug|Any CPU
		{FC24018F-5263-47CE-90BA-2E008199E07D}.Debug|Any CPU.Build.0 = Debug|Any CPU
		{FC24018F-5263-47CE-90BA-2E008199E07D}.Release|Any CPU.ActiveCfg = Release|Any CPU
		{FC24018F-5263-47CE-90BA-2E008199E07D}.Release|Any CPU.Build.0 = Release|Any CPU
	EndGlobalSection
	GlobalSection(SolutionProperties) = preSolution
		HideSolutionNode = FALSE
	EndGlobalSection
	GlobalSection(ExtensibilityGlobals) = postSolution
		SolutionGuid = {5EB74B3F-0A74-418D-827A-C8874AB6E402}
	EndGlobalSection
EndGlobal
